
Microsoft Visual Studio Solution File, Format Version 12.00
# Visual Studio 14
VisualStudioVersion = 14.0.23107.0
MinimumVisualStudioVersion = 10.0.40219.1
Project("{2150E333-8FDC-42A3-9474-1A3956D46DE8}") = "src", "src", "{6CABC3FC-05B3-474F-9E30-7CF9084D2CA5}"
EndProject
Project("{2150E333-8FDC-42A3-9474-1A3956D46DE8}") = "Solution Items", "Solution Items", "{13010C92-2E13-4B2C-BD80-CFBC270C5883}"
	ProjectSection(SolutionItems) = preProject
		global.json = global.json
		NuGet.Config = NuGet.Config
	EndProjectSection
EndProject
Project("{8BB2217D-0F2D-49D1-97BC-3654ED321F3B}") = "MessageApp", "src\MessageApp\MessageApp.xproj", "{9594D455-E468-4692-8DCD-91358065EDDF}"
EndProject
Global
	GlobalSection(SolutionConfigurationPlatforms) = preSolution
		Debug|Any CPU = Debug|Any CPU
		Release|Any CPU = Release|Any CPU
	EndGlobalSection
	GlobalSection(ProjectConfigurationPlatforms) = postSolution
		{9594D455-E468-4692-8DCD-91358065EDDF}.Debug|Any CPU.ActiveCfg = Debug|Any CPU
		{9594D455-E468-4692-8DCD-91358065EDDF}.Debug|Any CPU.Build.0 = Debug|Any CPU
		{9594D455-E468-4692-8DCD-91358065EDDF}.Release|Any CPU.ActiveCfg = Release|Any CPU
		{9594D455-E468-4692-8DCD-91358065EDDF}.Release|Any CPU.Build.0 = Release|Any CPU
	EndGlobalSection
	GlobalSection(SolutionProperties) = preSolution
		HideSolutionNode = FALSE
	EndGlobalSection
	GlobalSection(NestedProjects) = preSolution
		{9594D455-E468-4692-8DCD-91358065EDDF} = {6CABC3FC-05B3-474F-9E30-7CF9084D2CA5}
	EndGlobalSection
EndGlobal
